
Microsoft Visual Studio Solution File, Format Version 12.00
# Visual Studio 15
VisualStudioVersion = 15.0.27130.2010
MinimumVisualStudioVersion = 10.0.40219.1
Project("{FAE04EC0-301F-11D3-BF4B-00C04F79EFBC}") = "AbsoluteLayoutExercise.Android", "AbsoluteLayoutExercise\AbsoluteLayoutExercise.Android\AbsoluteLayoutExercise.Android.csproj", "{107027A0-01B2-4AB0-BC23-FAD0F9C5C46B}"
EndProject
Project("{FAE04EC0-301F-11D3-BF4B-00C04F79EFBC}") = "AbsoluteLayoutExercise.iOS", "AbsoluteLayoutExercise\AbsoluteLayoutExercise.iOS\AbsoluteLayoutExercise.iOS.csproj", "{9E65B4EE-788D-4976-95F9-05E89C5E89B2}"
EndProject
Project("{FAE04EC0-301F-11D3-BF4B-00C04F79EFBC}") = "AbsoluteLayoutExercise.UWP", "AbsoluteLayoutExercise\AbsoluteLayoutExercise.UWP\AbsoluteLayoutExercise.UWP.csproj", "{336E0EED-60D1-4F45-9803-7557C6788F4A}"
EndProject
Project("{FAE04EC0-301F-11D3-BF4B-00C04F79EFBC}") = "AbsoluteLayoutExercise", "AbsoluteLayoutExercise\AbsoluteLayoutExercise\AbsoluteLayoutExercise.csproj", "{F9A90E48-E6FD-4A63-AB8E-1A4561429AFD}"
EndProject
Global
	GlobalSection(SolutionConfigurationPlatforms) = preSolution
		Ad-Hoc|Any CPU = Ad-Hoc|Any CPU
		Ad-Hoc|ARM = Ad-Hoc|ARM
		Ad-Hoc|iPhone = Ad-Hoc|iPhone
		Ad-Hoc|iPhoneSimulator = Ad-Hoc|iPhoneSimulator
		Ad-Hoc|x64 = Ad-Hoc|x64
		Ad-Hoc|x86 = Ad-Hoc|x86
		AppStore|Any CPU = AppStore|Any CPU
		AppStore|ARM = AppStore|ARM
		AppStore|iPhone = AppStore|iPhone
		AppStore|iPhoneSimulator = AppStore|iPhoneSimulator
		AppStore|x64 = AppStore|x64
		AppStore|x86 = AppStore|x86
		Debug|Any CPU = Debug|Any CPU
		Debug|ARM = Debug|ARM
		Debug|iPhone = Debug|iPhone
		Debug|iPhoneSimulator = Debug|iPhoneSimulator
		Debug|x64 = Debug|x64
		Debug|x86 = Debug|x86
		Release|Any CPU = Release|Any CPU
		Release|ARM = Release|ARM
		Release|iPhone = Release|iPhone
		Release|iPhoneSimulator = Release|iPhoneSimulator
		Release|x64 = Release|x64
		Release|x86 = Release|x86
	EndGlobalSection
	GlobalSection(ProjectConfigurationPlatforms) = postSolution
		{107027A0-01B2-4AB0-BC23-FAD0F9C5C46B}.Ad-Hoc|Any CPU.ActiveCfg = Release|Any CPU
		{107027A0-01B2-4AB0-BC23-FAD0F9C5C46B}.Ad-Hoc|Any CPU.Build.0 = Release|Any CPU
		{107027A0-01B2-4AB0-BC23-FAD0F9C5C46B}.Ad-Hoc|Any CPU.Deploy.0 = Release|Any CPU
		{107027A0-01B2-4AB0-BC23-FAD0F9C5C46B}.Ad-Hoc|ARM.ActiveCfg = Release|Any CPU
		{107027A0-01B2-4AB0-BC23-FAD0F9C5C46B}.Ad-Hoc|ARM.Build.0 = Release|Any CPU
		{107027A0-01B2-4AB0-BC23-FAD0F9C5C46B}.Ad-Hoc|ARM.Deploy.0 = Release|Any CPU
		{107027A0-01B2-4AB0-BC23-FAD0F9C5C46B}.Ad-Hoc|iPhone.ActiveCfg = Release|Any CPU
		{107027A0-01B2-4AB0-BC23-FAD0F9C5C46B}.Ad-Hoc|iPhone.Build.0 = Release|Any CPU
		{107027A0-01B2-4AB0-BC23-FAD0F9C5C46B}.Ad-Hoc|iPhone.Deploy.0 = Release|Any CPU
		{107027A0-01B2-4AB0-BC23-FAD0F9C5C46B}.Ad-Hoc|iPhoneSimulator.ActiveCfg = Release|Any CPU
		{107027A0-01B2-4AB0-BC23-FAD0F9C5C46B}.Ad-Hoc|iPhoneSimulator.Build.0 = Release|Any CPU
		{107027A0-01B2-4AB0-BC23-FAD0F9C5C46B}.Ad-Hoc|iPhoneSimulator.Deploy.0 = Release|Any CPU
		{107027A0-01B2-4AB0-BC23-FAD0F9C5C46B}.Ad-Hoc|x64.ActiveCfg = Release|Any CPU
		{107027A0-01B2-4AB0-BC23-FAD0F9C5C46B}.Ad-Hoc|x64.Build.0 = Release|Any CPU
		{107027A0-01B2-4AB0-BC23-FAD0F9C5C46B}.Ad-Hoc|x64.Deploy.0 = Release|Any CPU
		{107027A0-01B2-4AB0-BC23-FAD0F9C5C46B}.Ad-Hoc|x86.ActiveCfg = Release|Any CPU
		{107027A0-01B2-4AB0-BC23-FAD0F9C5C46B}.Ad-Hoc|x86.Build.0 = Release|Any CPU
		{107027A0-01B2-4AB0-BC23-FAD0F9C5C46B}.Ad-Hoc|x86.Deploy.0 = Release|Any CPU
		{107027A0-01B2-4AB0-BC23-FAD0F9C5C46B}.AppStore|Any CPU.ActiveCfg = Release|Any CPU
		{107027A0-01B2-4AB0-BC23-FAD0F9C5C46B}.AppStore|Any CPU.Build.0 = Release|Any CPU
		{107027A0-01B2-4AB0-BC23-FAD0F9C5C46B}.AppStore|Any CPU.Deploy.0 = Release|Any CPU
		{107027A0-01B2-4AB0-BC23-FAD0F9C5C46B}.AppStore|ARM.ActiveCfg = Release|Any CPU
		{107027A0-01B2-4AB0-BC23-FAD0F9C5C46B}.AppStore|ARM.Build.0 = Release|Any CPU
		{107027A0-01B2-4AB0-BC23-FAD0F9C5C46B}.AppStore|ARM.Deploy.0 = Release|Any CPU
		{107027A0-01B2-4AB0-BC23-FAD0F9C5C46B}.AppStore|iPhone.ActiveCfg = Release|Any CPU
		{107027A0-01B2-4AB0-BC23-FAD0F9C5C46B}.AppStore|iPhone.Build.0 = Release|Any CPU
		{107027A0-01B2-4AB0-BC23-FAD0F9C5C46B}.AppStore|iPhone.Deploy.0 = Release|Any CPU
		{107027A0-01B2-4AB0-BC23-FAD0F9C5C46B}.AppStore|iPhoneSimulator.ActiveCfg = Release|Any CPU
		{107027A0-01B2-4AB0-BC23-FAD0F9C5C46B}.AppStore|iPhoneSimulator.Build.0 = Release|Any CPU
		{107027A0-01B2-4AB0-BC23-FAD0F9C5C46B}.AppStore|iPhoneSimulator.Deploy.0 = Release|Any CPU
		{107027A0-01B2-4AB0-BC23-FAD0F9C5C46B}.AppStore|x64.ActiveCfg = Release|Any CPU
		{107027A0-01B2-4AB0-BC23-FAD0F9C5C46B}.AppStore|x64.Build.0 = Release|Any CPU
		{107027A0-01B2-4AB0-BC23-FAD0F9C5C46B}.AppStore|x64.Deploy.0 = Release|Any CPU
		{107027A0-01B2-4AB0-BC23-FAD0F9C5C46B}.AppStore|x86.ActiveCfg = Release|Any CPU
		{107027A0-01B2-4AB0-BC23-FAD0F9C5C46B}.AppStore|x86.Build.0 = Release|Any CPU
		{107027A0-01B2-4AB0-BC23-FAD0F9C5C46B}.AppStore|x86.Deploy.0 = Release|Any CPU
		{107027A0-01B2-4AB0-BC23-FAD0F9C5C46B}.Debug|Any CPU.ActiveCfg = Debug|Any CPU
		{107027A0-01B2-4AB0-BC23-FAD0F9C5C46B}.Debug|Any CPU.Build.0 = Debug|Any CPU
		{107027A0-01B2-4AB0-BC23-FAD0F9C5C46B}.Debug|Any CPU.Deploy.0 = Debug|Any CPU
		{107027A0-01B2-4AB0-BC23-FAD0F9C5C46B}.Debug|ARM.ActiveCfg = Debug|Any CPU
		{107027A0-01B2-4AB0-BC23-FAD0F9C5C46B}.Debug|ARM.Build.0 = Debug|Any CPU
		{107027A0-01B2-4AB0-BC23-FAD0F9C5C46B}.Debug|ARM.Deploy.0 = Debug|Any CPU
		{107027A0-01B2-4AB0-BC23-FAD0F9C5C46B}.Debug|iPhone.ActiveCfg = Debug|Any CPU
		{107027A0-01B2-4AB0-BC23-FAD0F9C5C46B}.Debug|iPhone.Build.0 = Debug|Any CPU
		{107027A0-01B2-4AB0-BC23-FAD0F9C5C46B}.Debug|iPhone.Deploy.0 = Debug|Any CPU
		{107027A0-01B2-4AB0-BC23-FAD0F9C5C46B}.Debug|iPhoneSimulator.ActiveCfg = Debug|Any CPU
		{107027A0-01B2-4AB0-BC23-FAD0F9C5C46B}.Debug|iPhoneSimulator.Build.0 = Debug|Any CPU
		{107027A0-01B2-4AB0-BC23-FAD0F9C5C46B}.Debug|iPhoneSimulator.Deploy.0 = Debug|Any CPU
		{107027A0-01B2-4AB0-BC23-FAD0F9C5C46B}.Debug|x64.ActiveCfg = Debug|Any CPU
		{107027A0-01B2-4AB0-BC23-FAD0F9C5C46B}.Debug|x64.Build.0 = Debug|Any CPU
		{107027A0-01B2-4AB0-BC23-FAD0F9C5C46B}.Debug|x64.Deploy.0 = Debug|Any CPU
		{107027A0-01B2-4AB0-BC23-FAD0F9C5C46B}.Debug|x86.ActiveCfg = Debug|Any CPU
		{107027A0-01B2-4AB0-BC23-FAD0F9C5C46B}.Debug|x86.Build.0 = Debug|Any CPU
		{107027A0-01B2-4AB0-BC23-FAD0F9C5C46B}.Debug|x86.Deploy.0 = Debug|Any CPU
		{107027A0-01B2-4AB0-BC23-FAD0F9C5C46B}.Release|Any CPU.ActiveCfg = Release|Any CPU
		{107027A0-01B2-4AB0-BC23-FAD0F9C5C46B}.Release|Any CPU.Build.0 = Release|Any CPU
		{107027A0-01B2-4AB0-BC23-FAD0F9C5C46B}.Release|Any CPU.Deploy.0 = Release|Any CPU
		{107027A0-01B2-4AB0-BC23-FAD0F9C5C46B}.Release|ARM.ActiveCfg = Release|Any CPU
		{107027A0-01B2-4AB0-BC23-FAD0F9C5C46B}.Release|ARM.Build.0 = Release|Any CPU
		{107027A0-01B2-4AB0-BC23-FAD0F9C5C46B}.Release|ARM.Deploy.0 = Release|Any CPU
		{107027A0-01B2-4AB0-BC23-FAD0F9C5C46B}.Release|iPhone.ActiveCfg = Release|Any CPU
		{107027A0-01B2-4AB0-BC23-FAD0F9C5C46B}.Release|iPhone.Build.0 = Release|Any CPU
		{107027A0-01B2-4AB0-BC23-FAD0F9C5C46B}.Release|iPhone.Deploy.0 = Release|Any CPU
		{107027A0-01B2-4AB0-BC23-FAD0F9C5C46B}.Release|iPhoneSimulator.ActiveCfg = Release|Any CPU
		{107027A0-01B2-4AB0-BC23-FAD0F9C5C46B}.Release|iPhoneSimulator.Build.0 = Release|Any CPU
		{107027A0-01B2-4AB0-BC23-FAD0F9C5C46B}.Release|iPhoneSimulator.Deploy.0 = Release|Any CPU
		{107027A0-01B2-4AB0-BC23-FAD0F9C5C46B}.Release|x64.ActiveCfg = Release|Any CPU
		{107027A0-01B2-4AB0-BC23-FAD0F9C5C46B}.Release|x64.Build.0 = Release|Any CPU
		{107027A0-01B2-4AB0-BC23-FAD0F9C5C46B}.Release|x64.Deploy.0 = Release|Any CPU
		{107027A0-01B2-4AB0-BC23-FAD0F9C5C46B}.Release|x86.ActiveCfg = Release|Any CPU
		{107027A0-01B2-4AB0-BC23-FAD0F9C5C46B}.Release|x86.Build.0 = Release|Any CPU
		{107027A0-01B2-4AB0-BC23-FAD0F9C5C46B}.Release|x86.Deploy.0 = Release|Any CPU
		{9E65B4EE-788D-4976-95F9-05E89C5E89B2}.Ad-Hoc|Any CPU.ActiveCfg = Ad-Hoc|iPhone
		{9E65B4EE-788D-4976-95F9-05E89C5E89B2}.Ad-Hoc|ARM.ActiveCfg = Ad-Hoc|iPhone
		{9E65B4EE-788D-4976-95F9-05E89C5E89B2}.Ad-Hoc|iPhone.ActiveCfg = Ad-Hoc|iPhone
		{9E65B4EE-788D-4976-95F9-05E89C5E89B2}.Ad-Hoc|iPhone.Build.0 = Ad-Hoc|iPhone
		{9E65B4EE-788D-4976-95F9-05E89C5E89B2}.Ad-Hoc|iPhoneSimulator.ActiveCfg = Ad-Hoc|iPhoneSimulator
		{9E65B4EE-788D-4976-95F9-05E89C5E89B2}.Ad-Hoc|iPhoneSimulator.Build.0 = Ad-Hoc|iPhoneSimulator
		{9E65B4EE-788D-4976-95F9-05E89C5E89B2}.Ad-Hoc|x64.ActiveCfg = Ad-Hoc|iPhone
		{9E65B4EE-788D-4976-95F9-05E89C5E89B2}.Ad-Hoc|x86.ActiveCfg = Ad-Hoc|iPhone
		{9E65B4EE-788D-4976-95F9-05E89C5E89B2}.AppStore|Any CPU.ActiveCfg = AppStore|iPhone
		{9E65B4EE-788D-4976-95F9-05E89C5E89B2}.AppStore|ARM.ActiveCfg = AppStore|iPhone
		{9E65B4EE-788D-4976-95F9-05E89C5E89B2}.AppStore|iPhone.ActiveCfg = AppStore|iPhone
		{9E65B4EE-788D-4976-95F9-05E89C5E89B2}.AppStore|iPhone.Build.0 = AppStore|iPhone
		{9E65B4EE-788D-4976-95F9-05E89C5E89B2}.AppStore|iPhoneSimulator.ActiveCfg = AppStore|iPhoneSimulator
		{9E65B4EE-788D-4976-95F9-05E89C5E89B2}.AppStore|iPhoneSimulator.Build.0 = AppStore|iPhoneSimulator
		{9E65B4EE-788D-4976-95F9-05E89C5E89B2}.AppStore|x64.ActiveCfg = AppStore|iPhone
		{9E65B4EE-788D-4976-95F9-05E89C5E89B2}.AppStore|x86.ActiveCfg = AppStore|iPhone
		{9E65B4EE-788D-4976-95F9-05E89C5E89B2}.Debug|Any CPU.ActiveCfg = Debug|iPhone
		{9E65B4EE-788D-4976-95F9-05E89C5E89B2}.Debug|ARM.ActiveCfg = Debug|iPhone
		{9E65B4EE-788D-4976-95F9-05E89C5E89B2}.Debug|iPhone.ActiveCfg = Debug|iPhone
		{9E65B4EE-788D-4976-95F9-05E89C5E89B2}.Debug|iPhone.Build.0 = Debug|iPhone
		{9E65B4EE-788D-4976-95F9-05E89C5E89B2}.Debug|iPhoneSimulator.ActiveCfg = Debug|iPhoneSimulator
		{9E65B4EE-788D-4976-95F9-05E89C5E89B2}.Debug|iPhoneSimulator.Build.0 = Debug|iPhoneSimulator
		{9E65B4EE-788D-4976-95F9-05E89C5E89B2}.Debug|x64.ActiveCfg = Debug|iPhone
		{9E65B4EE-788D-4976-95F9-05E89C5E89B2}.Debug|x86.ActiveCfg = Debug|iPhone
		{9E65B4EE-788D-4976-95F9-05E89C5E89B2}.Release|Any CPU.ActiveCfg = Release|iPhone
		{9E65B4EE-788D-4976-95F9-05E89C5E89B2}.Release|ARM.ActiveCfg = Release|iPhone
		{9E65B4EE-788D-4976-95F9-05E89C5E89B2}.Release|iPhone.ActiveCfg = Release|iPhone
		{9E65B4EE-788D-4976-95F9-05E89C5E89B2}.Release|iPhone.Build.0 = Release|iPhone
		{9E65B4EE-788D-4976-95F9-05E89C5E89B2}.Release|iPhoneSimulator.ActiveCfg = Release|iPhoneSimulator
		{9E65B4EE-788D-4976-95F9-05E89C5E89B2}.Release|iPhoneSimulator.Build.0 = Release|iPhoneSimulator
		{9E65B4EE-788D-4976-95F9-05E89C5E89B2}.Release|x64.ActiveCfg = Release|iPhone
		{9E65B4EE-788D-4976-95F9-05E89C5E89B2}.Release|x86.ActiveCfg = Release|iPhone
		{336E0EED-60D1-4F45-9803-7557C6788F4A}.Ad-Hoc|Any CPU.ActiveCfg = Release|x86
		{336E0EED-60D1-4F45-9803-7557C6788F4A}.Ad-Hoc|Any CPU.Build.0 = Release|x86
		{336E0EED-60D1-4F45-9803-7557C6788F4A}.Ad-Hoc|Any CPU.Deploy.0 = Release|x86
		{336E0EED-60D1-4F45-9803-7557C6788F4A}.Ad-Hoc|ARM.ActiveCfg = Release|ARM
		{336E0EED-60D1-4F45-9803-7557C6788F4A}.Ad-Hoc|ARM.Build.0 = Release|ARM
		{336E0EED-60D1-4F45-9803-7557C6788F4A}.Ad-Hoc|ARM.Deploy.0 = Release|ARM
		{336E0EED-60D1-4F45-9803-7557C6788F4A}.Ad-Hoc|iPhone.ActiveCfg = Release|x86
		{336E0EED-60D1-4F45-9803-7557C6788F4A}.Ad-Hoc|iPhone.Build.0 = Release|x86
		{336E0EED-60D1-4F45-9803-7557C6788F4A}.Ad-Hoc|iPhone.Deploy.0 = Release|x86
		{336E0EED-60D1-4F45-9803-7557C6788F4A}.Ad-Hoc|iPhoneSimulator.ActiveCfg = Release|x86
		{336E0EED-60D1-4F45-9803-7557C6788F4A}.Ad-Hoc|iPhoneSimulator.Build.0 = Release|x86
		{336E0EED-60D1-4F45-9803-7557C6788F4A}.Ad-Hoc|iPhoneSimulator.Deploy.0 = Release|x86
		{336E0EED-60D1-4F45-9803-7557C6788F4A}.Ad-Hoc|x64.ActiveCfg = Release|x64
		{336E0EED-60D1-4F45-9803-7557C6788F4A}.Ad-Hoc|x64.Build.0 = Release|x64
		{336E0EED-60D1-4F45-9803-7557C6788F4A}.Ad-Hoc|x64.Deploy.0 = Release|x64
		{336E0EED-60D1-4F45-9803-7557C6788F4A}.Ad-Hoc|x86.ActiveCfg = Release|x86
		{336E0EED-60D1-4F45-9803-7557C6788F4A}.Ad-Hoc|x86.Build.0 = Release|x86
		{336E0EED-60D1-4F45-9803-7557C6788F4A}.Ad-Hoc|x86.Deploy.0 = Release|x86
		{336E0EED-60D1-4F45-9803-7557C6788F4A}.AppStore|Any CPU.ActiveCfg = Release|x86
		{336E0EED-60D1-4F45-9803-7557C6788F4A}.AppStore|Any CPU.Build.0 = Release|x86
		{336E0EED-60D1-4F45-9803-7557C6788F4A}.AppStore|Any CPU.Deploy.0 = Release|x86
		{336E0EED-60D1-4F45-9803-7557C6788F4A}.AppStore|ARM.ActiveCfg = Release|ARM
		{336E0EED-60D1-4F45-9803-7557C6788F4A}.AppStore|ARM.Build.0 = Release|ARM
		{336E0EED-60D1-4F45-9803-7557C6788F4A}.AppStore|ARM.Deploy.0 = Release|ARM
		{336E0EED-60D1-4F45-9803-7557C6788F4A}.AppStore|iPhone.ActiveCfg = Release|x86
		{336E0EED-60D1-4F45-9803-7557C6788F4A}.AppStore|iPhone.Build.0 = Release|x86
		{336E0EED-60D1-4F45-9803-7557C6788F4A}.AppStore|iPhone.Deploy.0 = Release|x86
		{336E0EED-60D1-4F45-9803-7557C6788F4A}.AppStore|iPhoneSimulator.ActiveCfg = Release|x86
		{336E0EED-60D1-4F45-9803-7557C6788F4A}.AppStore|iPhoneSimulator.Build.0 = Release|x86
		{336E0EED-60D1-4F45-9803-7557C6788F4A}.AppStore|iPhoneSimulator.Deploy.0 = Release|x86
		{336E0EED-60D1-4F45-9803-7557C6788F4A}.AppStore|x64.ActiveCfg = Release|x64
		{336E0EED-60D1-4F45-9803-7557C6788F4A}.AppStore|x64.Build.0 = Release|x64
		{336E0EED-60D1-4F45-9803-7557C6788F4A}.AppStore|x64.Deploy.0 = Release|x64
		{336E0EED-60D1-4F45-9803-7557C6788F4A}.AppStore|x86.ActiveCfg = Release|x86
		{336E0EED-60D1-4F45-9803-7557C6788F4A}.AppStore|x86.Build.0 = Release|x86
		{336E0EED-60D1-4F45-9803-7557C6788F4A}.AppStore|x86.Deploy.0 = Release|x86
		{336E0EED-60D1-4F45-9803-7557C6788F4A}.Debug|Any CPU.ActiveCfg = Debug|x86
		{336E0EED-60D1-4F45-9803-7557C6788F4A}.Debug|ARM.ActiveCfg = Debug|ARM
		{336E0EED-60D1-4F45-9803-7557C6788F4A}.Debug|ARM.Build.0 = Debug|ARM
		{336E0EED-60D1-4F45-9803-7557C6788F4A}.Debug|ARM.Deploy.0 = Debug|ARM
		{336E0EED-60D1-4F45-9803-7557C6788F4A}.Debug|iPhone.ActiveCfg = Debug|x86
		{336E0EED-60D1-4F45-9803-7557C6788F4A}.Debug|iPhoneSimulator.ActiveCfg = Debug|x86
		{336E0EED-60D1-4F45-9803-7557C6788F4A}.Debug|x64.ActiveCfg = Debug|x64
		{336E0EED-60D1-4F45-9803-7557C6788F4A}.Debug|x64.Build.0 = Debug|x64
		{336E0EED-60D1-4F45-9803-7557C6788F4A}.Debug|x64.Deploy.0 = Debug|x64
		{336E0EED-60D1-4F45-9803-7557C6788F4A}.Debug|x86.ActiveCfg = Debug|x86
		{336E0EED-60D1-4F45-9803-7557C6788F4A}.Debug|x86.Build.0 = Debug|x86
		{336E0EED-60D1-4F45-9803-7557C6788F4A}.Debug|x86.Deploy.0 = Debug|x86
		{336E0EED-60D1-4F45-9803-7557C6788F4A}.Release|Any CPU.ActiveCfg = Release|x86
		{336E0EED-60D1-4F45-9803-7557C6788F4A}.Release|ARM.ActiveCfg = Release|ARM
		{336E0EED-60D1-4F45-9803-7557C6788F4A}.Release|ARM.Build.0 = Release|ARM
		{336E0EED-60D1-4F45-9803-7557C6788F4A}.Release|ARM.Deploy.0 = Release|ARM
		{336E0EED-60D1-4F45-9803-7557C6788F4A}.Release|iPhone.ActiveCfg = Release|x86
		{336E0EED-60D1-4F45-9803-7557C6788F4A}.Release|iPhoneSimulator.ActiveCfg = Release|x86
		{336E0EED-60D1-4F45-9803-7557C6788F4A}.Release|x64.ActiveCfg = Release|x64
		{336E0EED-60D1-4F45-9803-7557C6788F4A}.Release|x64.Build.0 = Release|x64
		{336E0EED-60D1-4F45-9803-7557C6788F4A}.Release|x64.Deploy.0 = Release|x64
		{336E0EED-60D1-4F45-9803-7557C6788F4A}.Release|x86.ActiveCfg = Release|x86
		{336E0EED-60D1-4F45-9803-7557C6788F4A}.Release|x86.Build.0 = Release|x86
		{336E0EED-60D1-4F45-9803-7557C6788F4A}.Release|x86.Deploy.0 = Release|x86
		{F9A90E48-E6FD-4A63-AB8E-1A4561429AFD}.Ad-Hoc|Any CPU.ActiveCfg = Debug|Any CPU
		{F9A90E48-E6FD-4A63-AB8E-1A4561429AFD}.Ad-Hoc|Any CPU.Build.0 = Debug|Any CPU
		{F9A90E48-E6FD-4A63-AB8E-1A4561429AFD}.Ad-Hoc|ARM.ActiveCfg = Debug|Any CPU
		{F9A90E48-E6FD-4A63-AB8E-1A4561429AFD}.Ad-Hoc|ARM.Build.0 = Debug|Any CPU
		{F9A90E48-E6FD-4A63-AB8E-1A4561429AFD}.Ad-Hoc|iPhone.ActiveCfg = Debug|Any CPU
		{F9A90E48-E6FD-4A63-AB8E-1A4561429AFD}.Ad-Hoc|iPhone.Build.0 = Debug|Any CPU
		{F9A90E48-E6FD-4A63-AB8E-1A4561429AFD}.Ad-Hoc|iPhoneSimulator.ActiveCfg = Debug|Any CPU
		{F9A90E48-E6FD-4A63-AB8E-1A4561429AFD}.Ad-Hoc|iPhoneSimulator.Build.0 = Debug|Any CPU
		{F9A90E48-E6FD-4A63-AB8E-1A4561429AFD}.Ad-Hoc|x64.ActiveCfg = Debug|Any CPU
		{F9A90E48-E6FD-4A63-AB8E-1A4561429AFD}.Ad-Hoc|x64.Build.0 = Debug|Any CPU
		{F9A90E48-E6FD-4A63-AB8E-1A4561429AFD}.Ad-Hoc|x86.ActiveCfg = Debug|Any CPU
		{F9A90E48-E6FD-4A63-AB8E-1A4561429AFD}.Ad-Hoc|x86.Build.0 = Debug|Any CPU
		{F9A90E48-E6FD-4A63-AB8E-1A4561429AFD}.AppStore|Any CPU.ActiveCfg = Debug|Any CPU
		{F9A90E48-E6FD-4A63-AB8E-1A4561429AFD}.AppStore|Any CPU.Build.0 = Debug|Any CPU
		{F9A90E48-E6FD-4A63-AB8E-1A4561429AFD}.AppStore|ARM.ActiveCfg = Debug|Any CPU
		{F9A90E48-E6FD-4A63-AB8E-1A4561429AFD}.AppStore|ARM.Build.0 = Debug|Any CPU
		{F9A90E48-E6FD-4A63-AB8E-1A4561429AFD}.AppStore|iPhone.ActiveCfg = Debug|Any CPU
		{F9A90E48-E6FD-4A63-AB8E-1A4561429AFD}.AppStore|iPhone.Build.0 = Debug|Any CPU
		{F9A90E48-E6FD-4A63-AB8E-1A4561429AFD}.AppStore|iPhoneSimulator.ActiveCfg = Debug|Any CPU
		{F9A90E48-E6FD-4A63-AB8E-1A4561429AFD}.AppStore|iPhoneSimulator.Build.0 = Debug|Any CPU
		{F9A90E48-E6FD-4A63-AB8E-1A4561429AFD}.AppStore|x64.ActiveCfg = Debug|Any CPU
		{F9A90E48-E6FD-4A63-AB8E-1A4561429AFD}.AppStore|x64.Build.0 = Debug|Any CPU
		{F9A90E48-E6FD-4A63-AB8E-1A4561429AFD}.AppStore|x86.ActiveCfg = Debug|Any CPU
		{F9A90E48-E6FD-4A63-AB8E-1A4561429AFD}.AppStore|x86.Build.0 = Debug|Any CPU
		{F9A90E48-E6FD-4A63-AB8E-1A4561429AFD}.Debug|Any CPU.ActiveCfg = Debug|Any CPU
		{F9A90E48-E6FD-4A63-AB8E-1A4561429AFD}.Debug|Any CPU.Build.0 = Debug|Any CPU
		{F9A90E48-E6FD-4A63-AB8E-1A4561429AFD}.Debug|ARM.ActiveCfg = Debug|Any CPU
		{F9A90E48-E6FD-4A63-AB8E-1A4561429AFD}.Debug|ARM.Build.0 = Debug|Any CPU
		{F9A90E48-E6FD-4A63-AB8E-1A4561429AFD}.Debug|iPhone.ActiveCfg = Debug|Any CPU
		{F9A90E48-E6FD-4A63-AB8E-1A4561429AFD}.Debug|iPhone.Build.0 = Debug|Any CPU
		{F9A90E48-E6FD-4A63-AB8E-1A4561429AFD}.Debug|iPhoneSimulator.ActiveCfg = Debug|Any CPU
		{F9A90E48-E6FD-4A63-AB8E-1A4561429AFD}.Debug|iPhoneSimulator.Build.0 = Debug|Any CPU
		{F9A90E48-E6FD-4A63-AB8E-1A4561429AFD}.Debug|x64.ActiveCfg = Debug|Any CPU
		{F9A90E48-E6FD-4A63-AB8E-1A4561429AFD}.Debug|x64.Build.0 = Debug|Any CPU
		{F9A90E48-E6FD-4A63-AB8E-1A4561429AFD}.Debug|x86.ActiveCfg = Debug|Any CPU
		{F9A90E48-E6FD-4A63-AB8E-1A4561429AFD}.Debug|x86.Build.0 = Debug|Any CPU
		{F9A90E48-E6FD-4A63-AB8E-1A4561429AFD}.Release|Any CPU.ActiveCfg = Release|Any CPU
		{F9A90E48-E6FD-4A63-AB8E-1A4561429AFD}.Release|Any CPU.Build.0 = Release|Any CPU
		{F9A90E48-E6FD-4A63-AB8E-1A4561429AFD}.Release|ARM.ActiveCfg = Release|Any CPU
		{F9A90E48-E6FD-4A63-AB8E-1A4561429AFD}.Release|ARM.Build.0 = Release|Any CPU
		{F9A90E48-E6FD-4A63-AB8E-1A4561429AFD}.Release|iPhone.ActiveCfg = Release|Any CPU
		{F9A90E48-E6FD-4A63-AB8E-1A4561429AFD}.Release|iPhone.Build.0 = Release|Any CPU
		{F9A90E48-E6FD-4A63-AB8E-1A4561429AFD}.Release|iPhoneSimulator.ActiveCfg = Release|Any CPU
		{F9A90E48-E6FD-4A63-AB8E-1A4561429AFD}.Release|iPhoneSimulator.Build.0 = Release|Any CPU
		{F9A90E48-E6FD-4A63-AB8E-1A4561429AFD}.Release|x64.ActiveCfg = Release|Any CPU
		{F9A90E48-E6FD-4A63-AB8E-1A4561429AFD}.Release|x64.Build.0 = Release|Any CPU
		{F9A90E48-E6FD-4A63-AB8E-1A4561429AFD}.Release|x86.ActiveCfg = Release|Any CPU
		{F9A90E48-E6FD-4A63-AB8E-1A4561429AFD}.Release|x86.Build.0 = Release|Any CPU
	EndGlobalSection
	GlobalSection(SolutionProperties) = preSolution
		HideSolutionNode = FALSE
	EndGlobalSection
	GlobalSection(ExtensibilityGlobals) = postSolution
		SolutionGuid = {77DF5577-7967-4305-9FAA-2B8D9D26B626}
	EndGlobalSection
EndGlobal
